# This file is automatically @generated by Poetry 2.4.1 and should not be changed by hand.

[[package]]
name = "ijson"
version = "3.5.1"
description = "Iterative JSON parser with standard Python iterator interfaces"
optional = false
python-versions = ">=3.9"
groups = ["main"]
files = [
    {file = "ijson-3.5.1-cp310-cp310-macosx_10_9_universal2.whl", hash = "sha256:8b4ed62287feee41b90b55ae2800ef56d6bdfd2fbfa02b4fd0634cd4524bc995"},
    {file = "ijson-3.5.1-cp310-cp310-macosx_10_9_x86_64.whl", hash = "sha256:9708c0a3d1f86056049de631933aef8ec57f2008d4cb55ce241790c7ed557428"},
    {file = "ijson-3.5.1-cp310-cp310-macosx_11_0_arm64.whl", hash = "sha256:904e8cf9ca69f5de5b6bb405a4a075ce3da3413ad50c11f6813f1201e14a8e45"},
    {file = "ijson-3.5.1-cp310-cp310-manylinux1_i686.manylinux_2_28_i686.manylinux_2_5_i686.whl", hash = "sha256:8cb5db5bc122da64efb24ce358752d5e097ab41d224ce2992536a0f9073fe4fd"},
    {file = "ijson-3.5.1-cp310-cp310-manylinux2014_aarch64.manylinux_2_17_aarch64.manylinux_2_28_aarch64.whl", hash = "sha256:cae04eff4006fc36bf0b030b38e2646a97092d87d933d20cfe7262e26ed32321"},
    {file = "ijson-3.5.1-cp310-cp310-manylinux2014_x86_64.manylinux_2_17_x86_64.manylinux_2_28_x86_64.whl", hash = "sha256:70542d4542f079c394e525559188d69e3ccfbfd9bab899acd0bf1dbc7323ddd5"},
    {file = "ijson-3.5.1-cp310-cp310-musllinux_1_2_aarch64.whl", hash = "sha256:1321495807dcdaca002cb45f24033208ce1d9f5ffc0c5a5584c5f466d0dcbbd5"},
    {file = "ijson-3.5.1-cp310-cp310-musllinux_1_2_i686.whl", hash = "sha256:9fac9284d62c4317d541274e15a6a6ab6f6d22561579f6570967e3a6eaafaebc"},
    {file = "ijson-3.5.1-cp310-cp310-musllinux_1_2_x86_64.whl", hash = "sha256:1be3a586c8821ecab9ea8b256f39305c8a0cc33222fe393bcc1fb9221470732b"},
    {file = "ijson-3.5.1-cp310-cp310-win32.whl", hash = "sha256:3ab6378d9c19f01f206f27f762837ad3979330cabd7864e1b17934c03de6056c"},
    {file = "ijson-3.5.1-cp310-cp310-win_amd64.whl", hash = "sha256:0663f718c6123899c6bfd9c449ec195cd8c67666b7ea2c7b36fa0cc0dcb13e17"},
    {file = "ijson-3.5.1-cp310-cp310-win_arm64.whl", hash = "sha256:0a682954b60fcd0c23d504df6fb1ebde051305e41c9b350f39a3b8bfb168def7"},
    {file = "ijson-3.5.1-cp311-cp311-macosx_10_9_universal2.whl", hash = "sha256:2aa9d0cf21d4de89fb633e5ec27e9ad02c3f9a4ffa3940d120b23b8aed3acffc"},
    {file = "ijson-3.5.1-cp311-cp311-macosx_10_9_x86_64.whl", hash = "sha256:05eba5268a38809ba1c3dbfa44ea67336e2c353fc11768acc9c6442fe0ccac50"},
    {file = "ijson-3.5.1-cp311-cp311-macosx_11_0_arm64.whl", hash = "sha256:40ddd236c80a667dd6a1f6b625d18ddac68b8719ff795761b7542f2e1f78e4a4"},
    {file = "ijson-3.5.1-cp311-cp311-manylinux1_i686.manylinux_2_28_i686.manylinux_2_5_i686.whl", hash = "sha256:e6cf9e49902f28af7a2e2f8b35c201195c0f0d5c170a5786e0c0a1b8492a4e37"},
    {file = "ijson-3.5.1-cp311-cp311-manylinux2014_aarch64.manylinux_2_17_aarch64.manylinux_2_28_aarch64.whl", hash = "sha256:6ee1e6d59c800aa819952f6cb5ff08707ecd576b29cc9c3d00e33c2b371a92ce"},
    {file = "ijson-3.5.1-cp311-cp311-manylinux2014_x86_64.manylinux_2_17_x86_64.manylinux_2_28_x86_64.whl", hash = "sha256:affb85eb75fa03a21d1f790bbf26a0e66e5701672062a30dc5c3c6a29c5c0a63"},
    {file = "ijson-3.5.1-cp311-cp311-musllinux_1_2_aarch64.whl", hash = "sha256:3060b141ef758be3742315d44476109460c265b88247e3a4e479949f8b134eac"},
    {file = "ijson-3.5.1-cp311-cp311-musllinux_1_2_i686.whl", hash = "sha256:ffba9bce60be21b496afc67a05ab8e3f431f87f0282fd6ce3c62004c951a1428"},
    {file = "ijson-3.5.1-cp311-cp311-musllinux_1_2_x86_64.whl", hash = "sha256:170cc4c209f57decc9b7ee5fd340f2a1602d54020fa222846482ff1c99e88fdc"},
    {file = "ijson-3.5.1-cp311-cp311-win32.whl", hash = "sha256:6d581a071dae8dbee61f8d962e892787707bad6e641e2f6fb30dd89d3e896939"},
    {file = "ijson-3.5.1-cp311-cp311-win_amd64.whl", hash = "sha256:1356bca96d015948b601b013defb2d5631e4330e8f5880e4d7c933d472a90c34"},
    {file = "ijson-3.5.1-cp311-cp311-win_arm64.whl", hash = "sha256:c2b83b24be73f0c7a301807a4c3081939524421c7ae1556eb6eac7cff50ddfa7"},
    {file = "ijson-3.5.1-cp312-cp312-macosx_10_13_universal2.whl", hash = "sha256:ee60c7741012671867678eae71c51872cac938b76f3d4ca40a778e6c361774d2"},
    {file = "ijson-3.5.1-cp312-cp312-macosx_10_13_x86_64.whl", hash = "sha256:11c1d7d36a13054b5872ecd5d745dc4009d9abdbcba2312de69e66c2f92a46d2"},
    {file = "ijson-3.5.1-cp312-cp312-macosx_11_0_arm64.whl", hash = "sha256:b9517efbe6604bce16f3e50d49b0cd1bdc58917f98cf2eab026599c5c0422991"},
    {file = "ijson-3.5.1-cp312-cp312-manylinux1_i686.manylinux_2_28_i686.manylinux_2_5_i686.whl", hash = "sha256:ea4fd7bec203a600b1cc88a492dfe6b75ce4b1b87488a66adcd5406022213f64"},
    {file = "ijson-3.5.1-cp312-cp312-manylinux2014_aarch64.manylinux_2_17_aarch64.manylinux_2_28_aarch64.whl", hash = "sha256:350caea815e53151994b597abc80cf669454276b5ac6aadcec69ef6d48f7e90b"},
    {file = "ijson-3.5.1-cp312-cp312-manylinux2014_x86_64.manylinux_2_17_x86_64.manylinux_2_28_x86_64.whl", hash = "sha256:e4fcebfe1685bb7ba06a8255a5d428ea6b4b895d7acf979cb637d8bbc9db2f47"},
    {file = "ijson-3.5.1-cp312-cp312-musllinux_1_2_aarch64.whl", hash = "sha256:d78f362f51c8691798758a9e6ac3c9d385ee1228cb82987c91562a2fae235cd3"},
    {file = "ijson-3.5.1-cp312-cp312-musllinux_1_2_i686.whl", hash = "sha256:0b184180d45f85fd4479659582749b109e49f4a29c21ac700ccc9c2280fe015e"},
    {file = "ijson-3.5.1-cp312-cp312-musllinux_1_2_x86_64.whl", hash = "sha256:e353891d33a2e6aa5caf72c2a5fbadd7a46f5f9b32dcfd0c84113b2444c255b8"},
    {file = "ijson-3.5.1-cp312-cp312-win32.whl", hash = "sha256:936f28671f018f8ac4d3f003ae9fa01d0467ab4ef4cfd0c97f23beda485b61c6"},
    {file = "ijson-3.5.1-cp312-cp312-win_amd64.whl", hash = "sha256:322c783f3ee0c6b383bbd4db88370b10172168808cc2a0bf811f1253f7435602"},
    {file = "ijson-3.5.1-cp312-cp312-win_arm64.whl", hash = "sha256:e2ac204b59f09e38e16d277f906240e9fd38780e42076599419265af183dc4b4"},
    {file = "ijson-3.5.1-cp313-cp313-macosx_10_13_universal2.whl", hash = "sha256:3c0556d628443d3e871f414855313b2ae6cd9faa0104de3316bd8db03aab1589"},
    {file = "ijson-3.5.1-cp313-cp313-macosx_10_13_x86_64.whl", hash = "sha256:12aa7fcf46f0fdc8e9e7cf37541e1dc20ac3f9243a23f4d346ab5395f72b0fe2"},
    {file = "ijson-3.5.1-cp313-cp313-macosx_11_0_arm64.whl", hash = "sha256:a96066d8c12a18ce2fa90579f2bbf991377cb71725874932e4a5d855226c162a"},
    {file = "ijson-3.5.1-cp313-cp313-manylinux1_i686.manylinux_2_28_i686.manylinux_2_5_i686.whl", hash = "sha256:a19413a092d458a57aaa574fec08e265851d3b5c6e018377f426cd5e70b91280"},
    {file = "ijson-3.5.1-cp313-cp313-manylinux2014_aarch64.manylinux_2_17_aarch64.manylinux_2_28_aarch64.whl", hash = "sha256:65974568748678165d7e90e3e7ce2f7c233cfe4de6c37fbb0760941c97e14632"},
    {file = "ijson-3.5.1-cp313-cp313-manylinux2014_x86_64.manylinux_2_17_x86_64.manylinux_2_28_x86_64.whl", hash = "sha256:bad5d55c99c89de8cd0a4cded51f86427ba3353c4dccca37ec2e32e06f26b437"},
    {file = "ijson-3.5.1-cp313-cp313-musllinux_1_2_aarch64.whl", hash = "sha256:1a38d503ce343952e88edfd9a27296a4ec96af7073a9db58b3df6233367f75fc"},
    {file = "ijson-3.5.1-cp313-cp313-musllinux_1_2_i686.whl", hash = "sha256:2f41982c73896acab4a2a14faa14e152e444bd69f37c3139204429fd3fe65a10"},
    {file = "ijson-3.5.1-cp313-cp313-musllinux_1_2_x86_64.whl", hash = "sha256:3321fede2b638d400de0036889a3a25c3bb689feb8df45e70a393346aad6194f"},
    {file = "ijson-3.5.1-cp313-cp313-win32.whl", hash = "sha256:af6ddbd10ac9bce87a835f2de3ec61455ec435c54e7e0ba7b17c31c66de6f164"},
    {file = "ijson-3.5.1-cp313-cp313-win_amd64.whl", hash = "sha256:1de3de278b0ffb40338374ad2a730e1c56f933e0706b1815ebeb07b82239b1a3"},
    {file = "ijson-3.5.1-cp313-cp313-win_arm64.whl", hash = "sha256:c8a36a19b92cb7172c6448ab94f446033cfa3129dc4894aebe205f96b3fabf42"},
    {file = "ijson-3.5.1-cp314-cp314-macosx_10_15_universal2.whl", hash = "sha256:21e1a250b254edba2f0dd7272a4c56f0a879aabe328d9e306dd1fc115f560e74"},
    {file = "ijson-3.5.1-cp314-cp314-macosx_10_15_x86_64.whl", hash = "sha256:e01f95433725e2df62d682ff88e4a57bb694385ff2362bc364adec961167ae04"},
    {file = "ijson-3.5.1-cp314-cp314-macosx_11_0_arm64.whl", hash = "sha256:539e8d6cca079bcbb68c390e55148f908e0a943a34f7dd321248637c6272adca"},
    {file = "ijson-3.5.1-cp314-cp314-manylinux1_i686.manylinux_2_28_i686.manylinux_2_5_i686.whl", hash = "sha256:32f64051be2f990d8ae7b614b5abdf4a7bead510ce3666568d7403c6c46ce4d8"},
    {file = "ijson-3.5.1-cp314-cp314-manylinux2014_aarch64.manylinux_2_17_aarch64.manylinux_2_28_aarch64.whl", hash = "sha256:cd0dfc5a788d0b0c2f1eab258b9dabdeefc631ca8ef87644a999f633b0b2555a"},
    {file = "ijson-3.5.1-cp314-cp314-manylinux2014_x86_64.manylinux_2_17_x86_64.manylinux_2_28_x86_64.whl", hash = "sha256:42bfda7858d99ee9777ec28cb6d347928249eefeb577f9b0a67503c18f7ebb6a"},
    {file = "ijson-3.5.1-cp314-cp314-musllinux_1_2_aarch64.whl", hash = "sha256:c4b9a28e9719d1aebebe93ad8dc2ba87f4e2d9035043b196c1c07ef8530b44cc"},
    {file = "ijson-3.5.1-cp314-cp314-musllinux_1_2_i686.whl", hash = "sha256:9a0b25c750a6bde14a0b31f1dcbfc86368e50767e3eaa73bb138e54128055edd"},
    {file = "ijson-3.5.1-cp314-cp314-musllinux_1_2_x86_64.whl", hash = "sha256:bd756f7b22df745ac14b7bc2ab9ed7c190a222e4c8e1bef26ef1162af8e54d0f"},
    {file = "ijson-3.5.1-cp314-cp314-win32.whl", hash = "sha256:e035cdfb2a1446b13881f0dfc0eecd1541cbb17a27a938ded2160ae6ce25051b"},
    {file = "ijson-3.5.1-cp314-cp314-win_amd64.whl", hash = "sha256:eeb2fb2daa5dd30326f93db465d0855b34aa6b1f52a7c0ff94522aec5ad57dfb"},
    {file = "ijson-3.5.1-cp314-cp314-win_arm64.whl", hash = "sha256:a96ab35d7ce2129dfde49c4c807596443410e260d7f7a4ca8fe4d0035553b589"},
    {file = "ijson-3.5.1-cp314-cp314t-macosx_10_15_universal2.whl", hash = "sha256:77b68e91f95fb16ac2e7819903cd545db6cffa308c28833cc34911e6b21e91dd"},
    {file = "ijson-3.5.1-cp314-cp314t-macosx_10_15_x86_64.whl", hash = "sha256:94a95065b1ac67602af0cec852b07505abc37b77e3774d1c801d935d05e48f82"},
    {file = "ijson-3.5.1-cp314-cp314t-macosx_11_0_arm64.whl", hash = "sha256:b70b5da6b0571da8f601a437c4fba2d35bc27739637d85f3acdc8f88916ce68e"},
    {file = "ijson-3.5.1-cp314-cp314t-manylinux1_i686.manylinux_2_28_i686.manylinux_2_5_i686.whl", hash = "sha256:0ade373dd765b057b1dec05d7711bfeb5a36f1e825259466d9f545cfd8ef3ba3"},
    {file = "ijson-3.5.1-cp314-cp314t-manylinux2014_aarch64.manylinux_2_17_aarch64.manylinux_2_28_aarch64.whl", hash = "sha256:882bc0bdd25d41eae90a15695cd50707edde0978b8b72a2532e30442dd8fd04c"},
    {file = "ijson-3.5.1-cp314-cp314t-manylinux2014_x86_64.manylinux_2_17_x86_64.manylinux_2_28_x86_64.whl", hash = "sha256:451901c36e12fa87cbb1cafe661bd25c08c6bd7900cc738279614f71cea07048"},
    {file = "ijson-3.5.1-cp314-cp314t-musllinux_1_2_aarch64.whl", hash = "sha256:e3c5f660658f2ebfba5d4dfe4bafe8cd3a0defcda410ec08d2205fe08c398940"},
    {file = "ijson-3.5.1-cp314-cp314t-musllinux_1_2_i686.whl", hash = "sha256:29eb8f0c77a296a10843a1714ad4a5d561e604cda3c88585e9012cf2c1729b0a"},
    {file = "ijson-3.5.1-cp314-cp314t-musllinux_1_2_x86_64.whl", hash = "sha256:85997568d6b304cfa59d5c3f2b04f95b92e9a8c7f57d312343a7989cf8dfff85"},
    {file = "ijson-3.5.1-cp314-cp314t-win32.whl", hash = "sha256:c2e2509dc7f2fa5a2ac9ba7d15dd901f4093bd36b0784f65e04b681b7956651c"},
    {file = "ijson-3.5.1-cp314-cp314t-win_amd64.whl", hash = "sha256:2699e838099d056818c5f8e4ba702b345d0304e58847bdc79c5c1616d5d750a5"},
    {file = "ijson-3.5.1-cp314-cp314t-win_arm64.whl", hash = "sha256:c388f85cbb9eec022b2bdedd23ffacfe7ab100c1200b1f47bee6e6ea2c3309fa"},
    {file = "ijson-3.5.1-cp39-cp39-macosx_10_9_universal2.whl", hash = "sha256:abd724af41688035719b9f39a926876b9810808947421999b2dc6db34944a4e6"},
    {file = "ijson-3.5.1-cp39-cp39-macosx_10_9_x86_64.whl", hash = "sha256:9c077fad5420f52cfdc906a7dffa622cb9d55c21f3bf0b4e756c6354d800598d"},
    {file = "ijson-3.5.1-cp39-cp39-macosx_11_0_arm64.whl", hash = "sha256:bc16d618a0a8f7a78735acd14628fd9f66bd4dbe80db3c522a51bee3200eb720"},
    {file = "ijson-3.5.1-cp39-cp39-manylinux1_i686.manylinux_2_28_i686.manylinux_2_5_i686.whl", hash = "sha256:292648aa123904d4b40ae50cac21840123b8c2cf36a2c1d0620859581ceecdd2"},
    {file = "ijson-3.5.1-cp39-cp39-manylinux2014_aarch64.manylinux_2_17_aarch64.manylinux_2_28_aarch64.whl", hash = "sha256:a889228d3c287ef273c7b55177395de64abcf4950b637744dee928685bbb5760"},
    {file = "ijson-3.5.1-cp39-cp39-manylinux2014_x86_64.manylinux_2_17_x86_64.manylinux_2_28_x86_64.whl", hash = "sha256:4e99de6fd49b44a05eeaadc857e443a9235c2a2057c4e66809e8b2dced31d2a4"},
    {file = "ijson-3.5.1-cp39-cp39-musllinux_1_2_aarch64.whl", hash = "sha256:9f8c4c673d00115ced7422b6e67ae5e6ffc46ae53195877fd66932a6197decae"},
    {file = "ijson-3.5.1-cp39-cp39-musllinux_1_2_i686.whl", hash = "sha256:1a680122d0c384381f26ef3b89bdda0154f47c2571eb6e503571630aa2bb143d"},
    {file = "ijson-3.5.1-cp39-cp39-musllinux_1_2_x86_64.whl", hash = "sha256:69d5b74760cb50588e21bfab710a16d89e5b2f0a8fbd9594ad750fd7773a0a7f"},
    {file = "ijson-3.5.1-cp39-cp39-win32.whl", hash = "sha256:94def0c5f9997bdc6c2f923c9fdd15e400c901979156bea3c255622db7a43f8d"},
    {file = "ijson-3.5.1-cp39-cp39-win_amd64.whl", hash = "sha256:534a6c1a9da92a3755bfa6a1024995e840335ad5994c8f2d1f38623ba54ede4f"},
    {file = "ijson-3.5.1-cp39-cp39-win_arm64.whl", hash = "sha256:bc0ed6a336d11b9311171eebd7a8467077291bc61b03de89ae7249bba5fa70ce"},
    {file = "ijson-3.5.1-pp311-pypy311_pp73-macosx_10_15_x86_64.whl", hash = "sha256:077b1b0bcb6a622d460c6674fe6647c7af5a3b06503e1996d1efcf9f78c94512"},
    {file = "ijson-3.5.1-pp311-pypy311_pp73-macosx_11_0_arm64.whl", hash = "sha256:e8dbf71b21e65cb7f0d4d387c07fe73be820168070c3be05a0763a80f424f1c7"},
    {file = "ijson-3.5.1-pp311-pypy311_pp73-manylinux1_i686.manylinux_2_28_i686.manylinux_2_5_i686.whl", hash = "sha256:0d7c5025a820f36f3e0e64f4b0232b338c690664c12b497e205cf64dcc64fc12"},
    {file = "ijson-3.5.1-pp311-pypy311_pp73-manylinux2014_aarch64.manylinux_2_17_aarch64.manylinux_2_28_aarch64.whl", hash = "sha256:aa7a2c94e43c02e0482088e6ff997e2bd7b9a76e6f1d0fd70891b4b5ff51318f"},
    {file = "ijson-3.5.1-pp311-pypy311_pp73-manylinux2014_x86_64.manylinux_2_17_x86_64.manylinux_2_28_x86_64.whl", hash = "sha256:69b5eef70240e9734c5a2fb5cc3742cae411fc833a66b9a50722b9eedb1e27de"},
    {file = "ijson-3.5.1-pp311-pypy311_pp73-win_amd64.whl", hash = "sha256:4b75b6bf4b0dbb0df24947db6722cd5723ce8d6e6b13fddbfc98db312ba82237"},
    {file = "ijson-3.5.1.tar.gz", hash = "sha256:af40bd1a85f55db0b8b30715c858761306bd92d5590148636f75c3309e6e76bd"},
]

[metadata]
lock-version = "2.1"
python-versions = ">=3.14"
content-hash = "466fddb9f6433bfc9518ce96378f0b80dc1efa95f2e95be4536889eed15a9af4"
